// !$*UTF8*$!
{
	archiveVersion = 1;
	classes = {
	};
	objectVersion = 50;
	objects = {

/* Begin PBXBuildFile section */
		848E8761269D171D00AEC7D9 /* 7576.cpp in Sources */ = {isa = PBXBuildFile; fileRef = 848E8760269D171D00AEC7D9 /* 7576.cpp */; };
/* End PBXBuildFile section */

/* Begin PBXCopyFilesBuildPhase section */
		84824F80263FFAA7000A8496 /* CopyFiles */ = {
			isa = PBXCopyFilesBuildPhase;
			buildActionMask = 2147483647;
			dstPath = /usr/share/man/man1/;
			dstSubfolderSpec = 0;
			files = (
			);
			runOnlyForDeploymentPostprocessing = 1;
		};
/* End PBXCopyFilesBuildPhase section */

/* Begin PBXFileReference section */
		8403B9CB2683655100BAA79F /* 2225.cpp */ = {isa = PBXFileReference; lastKnownFileType = sourcecode.cpp.cpp; path = 2225.cpp; sourceTree = "<group>"; };
		8403B9CD26836B8900BAA79F /* 12865.cpp */ = {isa = PBXFileReference; lastKnownFileType = sourcecode.cpp.cpp; path = 12865.cpp; sourceTree = "<group>"; };
		8403B9CF26837E1400BAA79F /* 4963.cpp */ = {isa = PBXFileReference; lastKnownFileType = sourcecode.cpp.cpp; path = 4963.cpp; sourceTree = "<group>"; };
		8403B9D12684A0D600BAA79F /* 1388.cpp */ = {isa = PBXFileReference; lastKnownFileType = sourcecode.cpp.cpp; path = 1388.cpp; sourceTree = "<group>"; };
		8403B9D32684CA5100BAA79F /* 2606.cpp */ = {isa = PBXFileReference; lastKnownFileType = sourcecode.cpp.cpp; path = 2606.cpp; sourceTree = "<group>"; };
		8403B9D52685947800BAA79F /* 2210.cpp */ = {isa = PBXFileReference; lastKnownFileType = sourcecode.cpp.cpp; path = 2210.cpp; sourceTree = "<group>"; };
		8403B9D72685A96700BAA79F /* 5639.cpp */ = {isa = PBXFileReference; lastKnownFileType = sourcecode.cpp.cpp; path = 5639.cpp; sourceTree = "<group>"; };
		8437F7492680AEAC002062D1 /* 9461.cpp */ = {isa = PBXFileReference; lastKnownFileType = sourcecode.cpp.cpp; path = 9461.cpp; sourceTree = "<group>"; };
		843CA838268836D700966B02 /* 11724.cpp */ = {isa = PBXFileReference; lastKnownFileType = sourcecode.cpp.cpp; path = 11724.cpp; sourceTree = "<group>"; };
		843CA83A268842B900966B02 /* 2667.cpp */ = {isa = PBXFileReference; lastKnownFileType = sourcecode.cpp.cpp; path = 2667.cpp; sourceTree = "<group>"; };
		843CA83C268B258C00966B02 /* 1012.cpp */ = {isa = PBXFileReference; lastKnownFileType = sourcecode.cpp.cpp; path = 1012.cpp; sourceTree = "<group>"; };
		843CA83E269332E000966B02 /* 2178.cpp */ = {isa = PBXFileReference; lastKnownFileType = sourcecode.cpp.cpp; path = 2178.cpp; sourceTree = "<group>"; };
		843CA8402695DAEE00966B02 /* 1427.cpp */ = {isa = PBXFileReference; lastKnownFileType = sourcecode.cpp.cpp; path = 1427.cpp; sourceTree = "<group>"; };
		843CA8422695DCFC00966B02 /* 10773.cpp */ = {isa = PBXFileReference; lastKnownFileType = sourcecode.cpp.cpp; path = 10773.cpp; sourceTree = "<group>"; };
		843CA8452695DEBD00966B02 /* 11659.cpp */ = {isa = PBXFileReference; lastKnownFileType = sourcecode.cpp.cpp; path = 11659.cpp; sourceTree = "<group>"; };
		843CA8472695E14500966B02 /* 2003.cpp */ = {isa = PBXFileReference; lastKnownFileType = sourcecode.cpp.cpp; path = 2003.cpp; sourceTree = "<group>"; };
		843CA84926973AA700966B02 /* 11656.cpp */ = {isa = PBXFileReference; lastKnownFileType = sourcecode.cpp.cpp; path = 11656.cpp; sourceTree = "<group>"; };
		843CA84B26973E2200966B02 /* 10093.cpp */ = {isa = PBXFileReference; lastKnownFileType = sourcecode.cpp.cpp; path = 10093.cpp; sourceTree = "<group>"; };
		843CA84D2698581200966B02 /* 11651.cpp */ = {isa = PBXFileReference; lastKnownFileType = sourcecode.cpp.cpp; path = 11651.cpp; sourceTree = "<group>"; };
		843CA85126985ADD00966B02 /* 2607.cpp */ = {isa = PBXFileReference; lastKnownFileType = sourcecode.cpp.cpp; path = 2607.cpp; sourceTree = "<group>"; };
		845327C92681F1BD009FC635 /* 1874.cpp */ = {isa = PBXFileReference; lastKnownFileType = sourcecode.cpp.cpp; path = 1874.cpp; sourceTree = "<group>"; };
		845327CB26822530009FC635 /* 11053.cpp */ = {isa = PBXFileReference; lastKnownFileType = sourcecode.cpp.cpp; path = 11053.cpp; sourceTree = "<group>"; };
		845C497D2641476400A1F017 /* 4673.cpp */ = {isa = PBXFileReference; lastKnownFileType = sourcecode.cpp.cpp; path = 4673.cpp; sourceTree = "<group>"; };
		84824F82263FFAA7000A8496 /* baekjoon */ = {isa = PBXFileReference; explicitFileType = "compiled.mach-o.executable"; includeInIndex = 0; path = baekjoon; sourceTree = BUILT_PRODUCTS_DIR; };
		84824F85263FFAA7000A8496 /* 10871.cpp */ = {isa = PBXFileReference; lastKnownFileType = sourcecode.cpp.cpp; path = 10871.cpp; sourceTree = "<group>"; };
		84824F8E263FFC3D000A8496 /* 1110.cpp */ = {isa = PBXFileReference; lastKnownFileType = sourcecode.cpp.cpp; path = 1110.cpp; sourceTree = "<group>"; };
		84824F9226400215000A8496 /* 2577.cpp */ = {isa = PBXFileReference; lastKnownFileType = sourcecode.cpp.cpp; path = 2577.cpp; sourceTree = "<group>"; };
		84824F96264008EE000A8496 /* 2839.cpp */ = {isa = PBXFileReference; lastKnownFileType = sourcecode.cpp.cpp; path = 2839.cpp; sourceTree = "<group>"; };
		84824F9A26401B29000A8496 /* 1546.cpp */ = {isa = PBXFileReference; lastKnownFileType = sourcecode.cpp.cpp; path = 1546.cpp; sourceTree = "<group>"; };
		848E8760269D171D00AEC7D9 /* 7576.cpp */ = {isa = PBXFileReference; lastKnownFileType = sourcecode.cpp.cpp; path = 7576.cpp; sourceTree = "<group>"; };
		8496C55C269C811800058EB2 /* 11399.cpp */ = {isa = PBXFileReference; lastKnownFileType = sourcecode.cpp.cpp; path = 11399.cpp; sourceTree = "<group>"; };
/* End PBXFileReference section */

/* Begin PBXFrameworksBuildPhase section */
		84824F7F263FFAA7000A8496 /* Frameworks */ = {
			isa = PBXFrameworksBuildPhase;
			buildActionMask = 2147483647;
			files = (
			);
			runOnlyForDeploymentPostprocessing = 0;
		};
/* End PBXFrameworksBuildPhase section */

/* Begin PBXGroup section */
		84824F79263FFAA7000A8496 = {
			isa = PBXGroup;
			children = (
				84824F84263FFAA7000A8496 /* baekjoon */,
				84824F83263FFAA7000A8496 /* Products */,
			);
			sourceTree = "<group>";
		};
		84824F83263FFAA7000A8496 /* Products */ = {
			isa = PBXGroup;
			children = (
				84824F82263FFAA7000A8496 /* baekjoon */,
			);
			name = Products;
			sourceTree = "<group>";
		};
		84824F84263FFAA7000A8496 /* baekjoon */ = {
			isa = PBXGroup;
			children = (
				84824F85263FFAA7000A8496 /* 10871.cpp */,
				84824F8E263FFC3D000A8496 /* 1110.cpp */,
				845C497D2641476400A1F017 /* 4673.cpp */,
				84824F9226400215000A8496 /* 2577.cpp */,
				84824F96264008EE000A8496 /* 2839.cpp */,
				84824F9A26401B29000A8496 /* 1546.cpp */,
				8437F7492680AEAC002062D1 /* 9461.cpp */,
				845327C92681F1BD009FC635 /* 1874.cpp */,
				845327CB26822530009FC635 /* 11053.cpp */,
				8403B9CB2683655100BAA79F /* 2225.cpp */,
				8403B9CD26836B8900BAA79F /* 12865.cpp */,
				8403B9CF26837E1400BAA79F /* 4963.cpp */,
				8403B9D12684A0D600BAA79F /* 1388.cpp */,
				8403B9D32684CA5100BAA79F /* 2606.cpp */,
				8403B9D52685947800BAA79F /* 2210.cpp */,
				8403B9D72685A96700BAA79F /* 5639.cpp */,
				843CA838268836D700966B02 /* 11724.cpp */,
				843CA83A268842B900966B02 /* 2667.cpp */,
				843CA83C268B258C00966B02 /* 1012.cpp */,
				843CA83E269332E000966B02 /* 2178.cpp */,
				843CA8402695DAEE00966B02 /* 1427.cpp */,
				843CA8422695DCFC00966B02 /* 10773.cpp */,
				843CA8452695DEBD00966B02 /* 11659.cpp */,
				843CA8472695E14500966B02 /* 2003.cpp */,
				843CA84926973AA700966B02 /* 11656.cpp */,
				843CA84B26973E2200966B02 /* 10093.cpp */,
				843CA84D2698581200966B02 /* 11651.cpp */,
				843CA85126985ADD00966B02 /* 2607.cpp */,
				8496C55C269C811800058EB2 /* 11399.cpp */,
				848E8760269D171D00AEC7D9 /* 7576.cpp */,
			);
			path = baekjoon;
			sourceTree = "<group>";
		};
/* End PBXGroup section */

/* Begin PBXNativeTarget section */
		84824F81263FFAA7000A8496 /* baekjoon */ = {
			isa = PBXNativeTarget;
			buildConfigurationList = 84824F89263FFAA7000A8496 /* Build configuration list for PBXNativeTarget "baekjoon" */;
			buildPhases = (
				84824F7E263FFAA7000A8496 /* Sources */,
				84824F7F263FFAA7000A8496 /* Frameworks */,
				84824F80263FFAA7000A8496 /* CopyFiles */,
			);
			buildRules = (
			);
			dependencies = (
			);
			name = baekjoon;
			productName = baekjoon;
			productReference = 84824F82263FFAA7000A8496 /* baekjoon */;
			productType = "com.apple.product-type.tool";
		};
/* End PBXNativeTarget section */

/* Begin PBXProject section */
		84824F7A263FFAA7000A8496 /* Project object */ = {
			isa = PBXProject;
			attributes = {
				LastUpgradeCheck = 1240;
				TargetAttributes = {
					84824F81263FFAA7000A8496 = {
						CreatedOnToolsVersion = 12.4;
					};
				};
			};
			buildConfigurationList = 84824F7D263FFAA7000A8496 /* Build configuration list for PBXProject "baekjoon" */;
			compatibilityVersion = "Xcode 9.3";
			developmentRegion = en;
			hasScannedForEncodings = 0;
			knownRegions = (
				en,
				Base,
			);
			mainGroup = 84824F79263FFAA7000A8496;
			productRefGroup = 84824F83263FFAA7000A8496 /* Products */;
			projectDirPath = "";
			projectRoot = "";
			targets = (
				84824F81263FFAA7000A8496 /* baekjoon */,
			);
		};
/* End PBXProject section */

/* Begin PBXSourcesBuildPhase section */
		84824F7E263FFAA7000A8496 /* Sources */ = {
			isa = PBXSourcesBuildPhase;
			buildActionMask = 2147483647;
			files = (
				848E8761269D171D00AEC7D9 /* 7576.cpp in Sources */,
			);
			runOnlyForDeploymentPostprocessing = 0;
		};
/* End PBXSourcesBuildPhase section */

/* Begin XCBuildConfiguration section */
		84824F87263FFAA7000A8496 /* Debug */ = {
			isa = XCBuildConfiguration;
			buildSettings = {
				ALWAYS_SEARCH_USER_PATHS = NO;
				CLANG_ANALYZER_NONNULL = YES;
				CLANG_ANALYZER_NUMBER_OBJECT_CONVERSION = YES_AGGRESSIVE;
				CLANG_CXX_LANGUAGE_STANDARD = "gnu++14";
				CLANG_CXX_LIBRARY = "libc++";
				CLANG_ENABLE_MODULES = YES;
				CLANG_ENABLE_OBJC_ARC = YES;
				CLANG_ENABLE_OBJC_WEAK = YES;
				CLANG_WARN_BLOCK_CAPTURE_AUTORELEASING = YES;
				CLANG_WARN_BOOL_CONVERSION = YES;
				CLANG_WARN_COMMA = YES;
				CLANG_WARN_CONSTANT_CONVERSION = YES;
				CLANG_WARN_DEPRECATED_OBJC_IMPLEMENTATIONS = YES;
				CLANG_WARN_DIRECT_OBJC_ISA_USAGE = YES_ERROR;
				CLANG_WARN_DOCUMENTATION_COMMENTS = YES;
				CLANG_WARN_EMPTY_BODY = YES;
				CLANG_WARN_ENUM_CONVERSION = YES;
				CLANG_WARN_INFINITE_RECURSION = YES;
				CLANG_WARN_INT_CONVERSION = YES;
				CLANG_WARN_NON_LITERAL_NULL_CONVERSION = YES;
				CLANG_WARN_OBJC_IMPLICIT_RETAIN_SELF = YES;
				CLANG_WARN_OBJC_LITERAL_CONVERSION = YES;
				CLANG_WARN_OBJC_ROOT_CLASS = YES_ERROR;
				CLANG_WARN_QUOTED_INCLUDE_IN_FRAMEWORK_HEADER = YES;
				CLANG_WARN_RANGE_LOOP_ANALYSIS = YES;
				CLANG_WARN_STRICT_PROTOTYPES = YES;
				CLANG_WARN_SUSPICIOUS_MOVE = YES;
				CLANG_WARN_UNGUARDED_AVAILABILITY = YES_AGGRESSIVE;
				CLANG_WARN_UNREACHABLE_CODE = YES;
				CLANG_WARN__DUPLICATE_METHOD_MATCH = YES;
				COPY_PHASE_STRIP = NO;
				DEBUG_INFORMATION_FORMAT = dwarf;
				ENABLE_STRICT_OBJC_MSGSEND = YES;
				ENABLE_TESTABILITY = YES;
				GCC_C_LANGUAGE_STANDARD = gnu11;
				GCC_DYNAMIC_NO_PIC = NO;
				GCC_NO_COMMON_BLOCKS = YES;
				GCC_OPTIMIZATION_LEVEL = 0;
				GCC_PREPROCESSOR_DEFINITIONS = (
					"DEBUG=1",
					"$(inherited)",
				);
				GCC_WARN_64_TO_32_BIT_CONVERSION = YES;
				GCC_WARN_ABOUT_RETURN_TYPE = YES_ERROR;
				GCC_WARN_UNDECLARED_SELECTOR = YES;
				GCC_WARN_UNINITIALIZED_AUTOS = YES_AGGRESSIVE;
				GCC_WARN_UNUSED_FUNCTION = YES;
				GCC_WARN_UNUSED_VARIABLE = YES;
				MACOSX_DEPLOYMENT_TARGET = 11.1;
				MTL_ENABLE_DEBUG_INFO = INCLUDE_SOURCE;
				MTL_FAST_MATH = YES;
				ONLY_ACTIVE_ARCH = YES;
				SDKROOT = macosx;
			};
			name = Debug;
		};
		84824F88263FFAA7000A8496 /* Release */ = {
			isa = XCBuildConfiguration;
			buildSettings = {
				ALWAYS_SEARCH_USER_PATHS = NO;
				CLANG_ANALYZER_NONNULL = YES;
				CLANG_ANALYZER_NUMBER_OBJECT_CONVERSION = YES_AGGRESSIVE;
				CLANG_CXX_LANGUAGE_STANDARD = "gnu++14";
				CLANG_CXX_LIBRARY = "libc++";
				CLANG_ENABLE_MODULES = YES;
				CLANG_ENABLE_OBJC_ARC = YES;
				CLANG_ENABLE_OBJC_WEAK = YES;
				CLANG_WARN_BLOCK_CAPTURE_AUTORELEASING = YES;
				CLANG_WARN_BOOL_CONVERSION = YES;
				CLANG_WARN_COMMA = YES;
				CLANG_WARN_CONSTANT_CONVERSION = YES;
				CLANG_WARN_DEPRECATED_OBJC_IMPLEMENTATIONS = YES;
				CLANG_WARN_DIRECT_OBJC_ISA_USAGE = YES_ERROR;
				CLANG_WARN_DOCUMENTATION_COMMENTS = YES;
				CLANG_WARN_EMPTY_BODY = YES;
				CLANG_WARN_ENUM_CONVERSION = YES;
				CLANG_WARN_INFINITE_RECURSION = YES;
				CLANG_WARN_INT_CONVERSION = YES;
				CLANG_WARN_NON_LITERAL_NULL_CONVERSION = YES;
				CLANG_WARN_OBJC_IMPLICIT_RETAIN_SELF = YES;
				CLANG_WARN_OBJC_LITERAL_CONVERSION = YES;
				CLANG_WARN_OBJC_ROOT_CLASS = YES_ERROR;
				CLANG_WARN_QUOTED_INCLUDE_IN_FRAMEWORK_HEADER = YES;
				CLANG_WARN_RANGE_LOOP_ANALYSIS = YES;
				CLANG_WARN_STRICT_PROTOTYPES = YES;
				CLANG_WARN_SUSPICIOUS_MOVE = YES;
				CLANG_WARN_UNGUARDED_AVAILABILITY = YES_AGGRESSIVE;
				CLANG_WARN_UNREACHABLE_CODE = YES;
				CLANG_WARN__DUPLICATE_METHOD_MATCH = YES;
				COPY_PHASE_STRIP = NO;
				DEBUG_INFORMATION_FORMAT = "dwarf-with-dsym";
				ENABLE_NS_ASSERTIONS = NO;
				ENABLE_STRICT_OBJC_MSGSEND = YES;
				GCC_C_LANGUAGE_STANDARD = gnu11;
				GCC_NO_COMMON_BLOCKS = YES;
				GCC_WARN_64_TO_32_BIT_CONVERSION = YES;
				GCC_WARN_ABOUT_RETURN_TYPE = YES_ERROR;
				GCC_WARN_UNDECLARED_SELECTOR = YES;
				GCC_WARN_UNINITIALIZED_AUTOS = YES_AGGRESSIVE;
				GCC_WARN_UNUSED_FUNCTION = YES;
				GCC_WARN_UNUSED_VARIABLE = YES;
				MACOSX_DEPLOYMENT_TARGET = 11.1;
				MTL_ENABLE_DEBUG_INFO = NO;
				MTL_FAST_MATH = YES;
				SDKROOT = macosx;
			};
			name = Release;
		};
		84824F8A263FFAA7000A8496 /* Debug */ = {
			isa = XCBuildConfiguration;
			buildSettings = {
				CODE_SIGN_STYLE = Automatic;
				DEVELOPMENT_TEAM = 5YNB5Z66G4;
				ENABLE_HARDENED_RUNTIME = YES;
				PRODUCT_NAME = "$(TARGET_NAME)";
			};
			name = Debug;
		};
		84824F8B263FFAA7000A8496 /* Release */ = {
			isa = XCBuildConfiguration;
			buildSettings = {
				CODE_SIGN_STYLE = Automatic;
				DEVELOPMENT_TEAM = 5YNB5Z66G4;
				ENABLE_HARDENED_RUNTIME = YES;
				PRODUCT_NAME = "$(TARGET_NAME)";
			};
			name = Release;
		};
/* End XCBuildConfiguration section */

/* Begin XCConfigurationList section */
		84824F7D263FFAA7000A8496 /* Build configuration list for PBXProject "baekjoon" */ = {
			isa = XCConfigurationList;
			buildConfigurations = (
				84824F87263FFAA7000A8496 /* Debug */,
				84824F88263FFAA7000A8496 /* Release */,
			);
			defaultConfigurationIsVisible = 0;
			defaultConfigurationName = Release;
		};
		84824F89263FFAA7000A8496 /* Build configuration list for PBXNativeTarget "baekjoon" */ = {
			isa = XCConfigurationList;
			buildConfigurations = (
				84824F8A263FFAA7000A8496 /* Debug */,
				84824F8B263FFAA7000A8496 /* Release */,
			);
			defaultConfigurationIsVisible = 0;
			defaultConfigurationName = Release;
		};
/* End XCConfigurationList section */
	};
	rootObject = 84824F7A263FFAA7000A8496 /* Project object */;
}
